
Microsoft Visual Studio Solution File, Format Version 12.00
# Visual Studio 15
VisualStudioVersion = 15.0.28307.421
MinimumVisualStudioVersion = 10.0.40219.1
Project("{FAE04EC0-301F-11D3-BF4B-00C04F79EFBC}") = "Stand_Automoveis", "Stand_Automóveis\Stand_Automoveis.csproj", "{16A12375-73C5-402D-9B1B-DAB720C0BD43}"
EndProject
Global
	GlobalSection(SolutionConfigurationPlatforms) = preSolution
		Debug|Any CPU = Debug|Any CPU
		Release|Any CPU = Release|Any CPU
	EndGlobalSection
	GlobalSection(ProjectConfigurationPlatforms) = postSolution
		{16A12375-73C5-402D-9B1B-DAB720C0BD43}.Debug|Any CPU.ActiveCfg = Debug|Any CPU
		{16A12375-73C5-402D-9B1B-DAB720C0BD43}.Debug|Any CPU.Build.0 = Debug|Any CPU
		{16A12375-73C5-402D-9B1B-DAB720C0BD43}.Release|Any CPU.ActiveCfg = Release|Any CPU
		{16A12375-73C5-402D-9B1B-DAB720C0BD43}.Release|Any CPU.Build.0 = Release|Any CPU
	EndGlobalSection
	GlobalSection(SolutionProperties) = preSolution
		HideSolutionNode = FALSE
	EndGlobalSection
	GlobalSection(ExtensibilityGlobals) = postSolution
		SolutionGuid = {A83E0EEB-6441-4937-A020-759926E29665}
	EndGlobalSection
EndGlobal
